<?xml version="1.0" encoding="utf-8"?>
<Project ToolsVersion="4.0" xmlns="http://schemas.microsoft.com/developer/msbuild/2003">
  <ItemGroup>
    <Filter Include="Header Files">
      <UniqueIdentifier>{102EB95F-3740-41DC-86C7-1AC231A87FDA}</UniqueIdentifier>
    </Filter>
    <Filter Include="Resource Files">
      <UniqueIdentifier>{41C39B5C-AEEA-4716-88C0-30CF794EAB4F}</UniqueIdentifier>
    </Filter>
    <Filter Include="Source Files">
      <UniqueIdentifier>{43C1285A-D7BC-48A6-9007-7FAD0EC287D3}</UniqueIdentifier>
    </Filter>
    <Filter Include="Vendor Files">
      <UniqueIdentifier>{538AE5AD-F090-4F7F-BC3C-156FB1B01BEF}</UniqueIdentifier>
    </Filter>
  </ItemGroup>
  <ItemGroup>
    <ClInclude Include="..\include\targetver.h">
      <Filter>Header Files</Filter>
    </ClInclude>
    <ClInclude Include="..\include\GTAVController.h">
      <Filter>Header Files</Filter>
    </ClInclude>
    <ClInclude Include="..\include\stdafx.h">
      <Filter>Header Files</Filter>
    </ClInclude>
    <ClInclude Include="..\include\SharedAgentMemory.h">
      <Filter>Header Files</Filter>
    </ClInclude>
    <ClInclude Include="..\include\GTAVControllerSharedMemory.h">
      <Filter>Header Files</Filter>
    </ClInclude>
    <ClInclude Include="..\include\GTAVEnv.h">
      <Filter>Header Files</Filter>
    </ClInclude>
    <ClInclude Include="..\include\GTAVRewardCalculator.h">
      <Filter>Header Files</Filter>
    </ClInclude>
    <ClInclude Include="..\include\GTAVKeyboardController.h">
      <Filter>Header Files</Filter>
    </ClInclude>
  </ItemGroup>
  <ItemGroup>
    <ClCompile Include="..\src\stdafx.cpp">
      <Filter>Source Files</Filter>
    </ClCompile>
    <ClCompile Include="..\src\GTAVController.cpp">
      <Filter>Source Files</Filter>
    </ClCompile>
    <ClCompile Include="..\src\GTAVControllerSharedMemory.cpp">
      <Filter>Source Files</Filter>
    </ClCompile>
    <ClCompile Include="..\src\GTAVEnv.cpp">
      <Filter>Source Files</Filter>
    </ClCompile>
    <ClCompile Include="..\src\GTAVKeyboardController.cpp">
      <Filter>Source Files</Filter>
    </ClCompile>
    <ClCompile Include="..\src\GTAVRewardCalculator.cpp">
      <Filter>Source Files</Filter>
    </ClCompile>
  </ItemGroup>
  <ItemGroup>
    <None Include="packages.config" />
  </ItemGroup>
</Project>